github.com/gomarkdown/markdown v0.0.0-20240419095408-642f0ee99ae2 h1:yEt5djSYb4iNtmV9iJGVday+i4e9u6Mrn5iP64HH5QM=
github.com/gomarkdown/markdown v0.0.0-20240419095408-642f0ee99ae2/go.mod h1:JDGcbDT52eL4fju3sZ4TeHGsQwhG9nbDV21aMyhwPoA=
github.com/pelletier/go-toml v1.9.5 h1:4yBQzkHv+7BHq2PQUZF3Mx0IYxG7LsP222s7Agd3ve8=
github.com/pelletier/go-toml v1.9.5/go.mod h1:u1nR/EPcESfeI/szUZKdtJ0xRNbUoANCkoOuaOx1Y+c=
